{
  "version": 4,
  "terraform_version": "1.11.4",
  "serial": 72,
  "lineage": "9d0e9ef5-6396-9174-5f86-9e3ebd4d600c",
  "outputs": {
    "alb_dns_name": {
      "value": "f1-stats-app-alb-475960202.ap-south-1.elb.amazonaws.com",
      "type": "string"
    },
    "dynamodb_table_name": {
      "value": "f1-stats-cache",
      "type": "string"
    }
  },
  "resources": [
    {
      "module": "module.alb",
      "mode": "managed",
      "type": "aws_lb",
      "name": "main",
      "provider": "provider[\"registry.terraform.io/hashicorp/aws\"]",
      "instances": [
        {
          "schema_version": 0,
          "attributes": {
            "access_logs": [
              {
                "bucket": "",
                "enabled": false,
                "prefix": ""
              }
            ],
            "arn": "arn:aws:elasticloadbalancing:ap-south-1:559050238050:loadbalancer/app/f1-stats-app-alb/a75f516bed6c193f",
            "arn_suffix": "app/f1-stats-app-alb/a75f516bed6c193f",
            "customer_owned_ipv4_pool": "",
            "desync_mitigation_mode": "defensive",
            "dns_name": "f1-stats-app-alb-475960202.ap-south-1.elb.amazonaws.com",
            "drop_invalid_header_fields": false,
            "enable_cross_zone_load_balancing": true,
            "enable_deletion_protection": false,
            "enable_http2": true,
            "enable_tls_version_and_cipher_suite_headers": false,
            "enable_waf_fail_open": false,
            "enable_xff_client_port": false,
            "id": "arn:aws:elasticloadbalancing:ap-south-1:559050238050:loadbalancer/app/f1-stats-app-alb/a75f516bed6c193f",
            "idle_timeout": 60,
            "internal": false,
            "ip_address_type": "ipv4",
            "load_balancer_type": "application",
            "name": "f1-stats-app-alb",
            "name_prefix": null,
            "preserve_host_header": false,
            "security_groups": [
              "sg-0007c372579698cbb"
            ],
            "subnet_mapping": [
              {
                "allocation_id": "",
                "ipv6_address": "",
                "outpost_id": "",
                "private_ipv4_address": "",
                "subnet_id": "subnet-0bc6c7b027b69f325"
              },
              {
                "allocation_id": "",
                "ipv6_address": "",
                "outpost_id": "",
                "private_ipv4_address": "",
                "subnet_id": "subnet-0d634a3d0986e8448"
              }
            ],
            "subnets": [
              "subnet-0bc6c7b027b69f325",
              "subnet-0d634a3d0986e8448"
            ],
            "tags": {
              "Name": "f1-stats-app-alb"
            },
            "tags_all": {
              "Name": "f1-stats-app-alb"
            },
            "timeouts": null,
            "vpc_id": "vpc-0de86af62322333de",
            "xff_header_processing_mode": "append",
            "zone_id": "ZP97RAFLXTNZK"
          },
          "sensitive_attributes": [],
          "private": "eyJlMmJmYjczMC1lY2FhLTExZTYtOGY4OC0zNDM2M2JjN2M0YzAiOnsiY3JlYXRlIjo2MDAwMDAwMDAwMDAsImRlbGV0ZSI6NjAwMDAwMDAwMDAwLCJ1cGRhdGUiOjYwMDAwMDAwMDAwMH19",
          "dependencies": [
            "module.security.aws_security_group.alb",
            "module.vpc.aws_subnet.public",
            "module.vpc.aws_vpc.main"
          ]
        }
      ]
    },
    {
      "module": "module.alb",
      "mode": "managed",
      "type": "aws_lb_listener",
      "name": "main",
      "provider": "provider[\"registry.terraform.io/hashicorp/aws\"]",
      "instances": [
        {
          "schema_version": 0,
          "attributes": {
            "alpn_policy": null,
            "arn": "arn:aws:elasticloadbalancing:ap-south-1:559050238050:listener/app/f1-stats-app-alb/a75f516bed6c193f/1f81568bc5df64ec",
            "certificate_arn": null,
            "default_action": [
              {
                "authenticate_cognito": [],
                "authenticate_oidc": [],
                "fixed_response": [],
                "forward": [],
                "order": 1,
                "redirect": [],
                "target_group_arn": "arn:aws:elasticloadbalancing:ap-south-1:559050238050:targetgroup/f1-stats-app-tg/a4f84f384c27e953",
                "type": "forward"
              }
            ],
            "id": "arn:aws:elasticloadbalancing:ap-south-1:559050238050:listener/app/f1-stats-app-alb/a75f516bed6c193f/1f81568bc5df64ec",
            "load_balancer_arn": "arn:aws:elasticloadbalancing:ap-south-1:559050238050:loadbalancer/app/f1-stats-app-alb/a75f516bed6c193f",
            "port": 80,
            "protocol": "HTTP",
            "ssl_policy": "",
            "tags": null,
            "tags_all": {},
            "timeouts": null
          },
          "sensitive_attributes": [],
          "private": "eyJlMmJmYjczMC1lY2FhLTExZTYtOGY4OC0zNDM2M2JjN2M0YzAiOnsicmVhZCI6NjAwMDAwMDAwMDAwfX0=",
          "dependencies": [
            "module.alb.aws_lb.main",
            "module.alb.aws_lb_target_group.main",
            "module.security.aws_security_group.alb",
            "module.vpc.aws_subnet.public",
            "module.vpc.aws_vpc.main"
          ]
        }
      ]
    },
    {
      "module": "module.alb",
      "mode": "managed",
      "type": "aws_lb_target_group",
      "name": "main",
      "provider": "provider[\"registry.terraform.io/hashicorp/aws\"]",
      "instances": [
        {
          "schema_version": 0,
          "attributes": {
            "arn": "arn:aws:elasticloadbalancing:ap-south-1:559050238050:targetgroup/f1-stats-app-tg/a4f84f384c27e953",
            "arn_suffix": "targetgroup/f1-stats-app-tg/a4f84f384c27e953",
            "connection_termination": false,
            "deregistration_delay": "300",
            "health_check": [
              {
                "enabled": true,
                "healthy_threshold": 2,
                "interval": 30,
                "matcher": "200",
                "path": "/",
                "port": "traffic-port",
                "protocol": "HTTP",
                "timeout": 5,
                "unhealthy_threshold": 10
              }
            ],
            "id": "arn:aws:elasticloadbalancing:ap-south-1:559050238050:targetgroup/f1-stats-app-tg/a4f84f384c27e953",
            "ip_address_type": "ipv4",
            "lambda_multi_value_headers_enabled": false,
            "load_balancing_algorithm_type": "round_robin",
            "load_balancing_cross_zone_enabled": "use_load_balancer_configuration",
            "name": "f1-stats-app-tg",
            "name_prefix": null,
            "port": 8000,
            "preserve_client_ip": null,
            "protocol": "HTTP",
            "protocol_version": "HTTP1",
            "proxy_protocol_v2": false,
            "slow_start": 0,
            "stickiness": [
              {
                "cookie_duration": 86400,
                "cookie_name": "",
                "enabled": false,
                "type": "lb_cookie"
              }
            ],
            "tags": null,
            "tags_all": {},
            "target_failover": [
              {
                "on_deregistration": null,
                "on_unhealthy": null
              }
            ],
            "target_type": "ip",
            "vpc_id": "vpc-0de86af62322333de"
          },
          "sensitive_attributes": [],
          "private": "bnVsbA==",
          "dependencies": [
            "module.vpc.aws_vpc.main"
          ]
        }
      ]
    },
    {
      "module": "module.dynamodb",
      "mode": "data",
      "type": "aws_region",
      "name": "current",
      "provider": "provider[\"registry.terraform.io/hashicorp/aws\"]",
      "instances": [
        {
          "schema_version": 0,
          "attributes": {
            "description": "Asia Pacific (Mumbai)",
            "endpoint": "ec2.ap-south-1.amazonaws.com",
            "id": "ap-south-1",
            "name": "ap-south-1"
          },
          "sensitive_attributes": []
        }
      ]
    },
    {
      "module": "module.dynamodb",
      "mode": "managed",
      "type": "aws_dynamodb_table",
      "name": "main",
      "provider": "provider[\"registry.terraform.io/hashicorp/aws\"]",
      "instances": [
        {
          "schema_version": 1,
          "attributes": {
            "arn": "arn:aws:dynamodb:ap-south-1:559050238050:table/f1-stats-cache",
            "attribute": [
              {
                "name": "endpoint",
                "type": "S"
              },
              {
                "name": "timestamp",
                "type": "N"
              }
            ],
            "billing_mode": "PAY_PER_REQUEST",
            "deletion_protection_enabled": false,
            "global_secondary_index": [],
            "hash_key": "endpoint",
            "id": "f1-stats-cache",
            "local_secondary_index": [],
            "name": "f1-stats-cache",
            "point_in_time_recovery": [
              {
                "enabled": false
              }
            ],
            "range_key": "timestamp",
            "read_capacity": 0,
            "replica": [],
            "restore_date_time": null,
            "restore_source_name": null,
            "restore_to_latest_time": null,
            "server_side_encryption": [],
            "stream_arn": "",
            "stream_enabled": false,
            "stream_label": "",
            "stream_view_type": "",
            "table_class": "STANDARD",
            "tags": {
              "Name": "f1-stats-app-dynamodb"
            },
            "tags_all": {
              "Name": "f1-stats-app-dynamodb"
            },
            "timeouts": null,
            "ttl": [
              {
                "attribute_name": "expiry_time",
                "enabled": true
              }
            ],
            "write_capacity": 0
          },
          "sensitive_attributes": [],
          "private": "eyJlMmJmYjczMC1lY2FhLTExZTYtOGY4OC0zNDM2M2JjN2M0YzAiOnsiY3JlYXRlIjoxODAwMDAwMDAwMDAwLCJkZWxldGUiOjYwMDAwMDAwMDAwMCwidXBkYXRlIjozNjAwMDAwMDAwMDAwfSwic2NoZW1hX3ZlcnNpb24iOiIxIn0="
        }
      ]
    },
    {
      "module": "module.dynamodb",
      "mode": "managed",
      "type": "aws_vpc_endpoint",
      "name": "dynamodb",
      "provider": "provider[\"registry.terraform.io/hashicorp/aws\"]",
      "instances": [
        {
          "schema_version": 0,
          "attributes": {
            "arn": "arn:aws:ec2:ap-south-1:559050238050:vpc-endpoint/vpce-0fe67458a45153b90",
            "auto_accept": null,
            "cidr_blocks": [
              "35.71.100.0/25",
              "35.71.100.128/26",
              "52.94.20.0/24"
            ],
            "dns_entry": [],
            "dns_options": [],
            "id": "vpce-0fe67458a45153b90",
            "ip_address_type": "",
            "network_interface_ids": [],
            "owner_id": "559050238050",
            "policy": "{\"Statement\":[{\"Action\":\"*\",\"Effect\":\"Allow\",\"Principal\":\"*\",\"Resource\":\"*\"}],\"Version\":\"2008-10-17\"}",
            "prefix_list_id": "pl-66a7420f",
            "private_dns_enabled": false,
            "requester_managed": false,
            "route_table_ids": [],
            "security_group_ids": [],
            "service_name": "com.amazonaws.ap-south-1.dynamodb",
            "state": "available",
            "subnet_ids": [],
            "tags": {
              "Name": "f1-stats-app-dynamodb-endpoint"
            },
            "tags_all": {
              "Name": "f1-stats-app-dynamodb-endpoint"
            },
            "timeouts": null,
            "vpc_endpoint_type": "Gateway",
            "vpc_id": "vpc-0de86af62322333de"
          },
          "sensitive_attributes": [],
          "private": "eyJlMmJmYjczMC1lY2FhLTExZTYtOGY4OC0zNDM2M2JjN2M0YzAiOnsiY3JlYXRlIjo2MDAwMDAwMDAwMDAsImRlbGV0ZSI6NjAwMDAwMDAwMDAwLCJ1cGRhdGUiOjYwMDAwMDAwMDAwMH19",
          "dependencies": [
            "module.dynamodb.data.aws_region.current",
            "module.vpc.aws_vpc.main"
          ]
        }
      ]
    },
    {
      "module": "module.ecs",
      "mode": "managed",
      "type": "aws_cloudwatch_log_group",
      "name": "main",
      "provider": "provider[\"registry.terraform.io/hashicorp/aws\"]",
      "instances": [
        {
          "schema_version": 0,
          "attributes": {
            "arn": "arn:aws:logs:ap-south-1:559050238050:log-group:/ecs/f1-stats-app",
            "id": "/ecs/f1-stats-app",
            "kms_key_id": "",
            "name": "/ecs/f1-stats-app",
            "name_prefix": "",
            "retention_in_days": 30,
            "skip_destroy": false,
            "tags": null,
            "tags_all": {}
          },
          "sensitive_attributes": [],
          "private": "bnVsbA=="
        }
      ]
    },
    {
      "module": "module.ecs",
      "mode": "managed",
      "type": "aws_ecs_cluster",
      "name": "main",
      "provider": "provider[\"registry.terraform.io/hashicorp/aws\"]",
      "instances": [
        {
          "schema_version": 0,
          "attributes": {
            "arn": "arn:aws:ecs:ap-south-1:559050238050:cluster/f1-stats-app-cluster",
            "capacity_providers": [],
            "configuration": [],
            "default_capacity_provider_strategy": [],
            "id": "arn:aws:ecs:ap-south-1:559050238050:cluster/f1-stats-app-cluster",
            "name": "f1-stats-app-cluster",
            "service_connect_defaults": [],
            "setting": [
              {
                "name": "containerInsights",
                "value": "disabled"
              }
            ],
            "tags": null,
            "tags_all": {}
          },
          "sensitive_attributes": [],
          "private": "bnVsbA=="
        }
      ]
    },
    {
      "module": "module.ecs",
      "mode": "managed",
      "type": "aws_ecs_service",
      "name": "main",
      "provider": "provider[\"registry.terraform.io/hashicorp/aws\"]",
      "instances": [
        {
          "schema_version": 0,
          "attributes": {
            "alarms": [],
            "capacity_provider_strategy": [],
            "cluster": "arn:aws:ecs:ap-south-1:559050238050:cluster/f1-stats-app-cluster",
            "deployment_circuit_breaker": [
              {
                "enable": false,
                "rollback": false
              }
            ],
            "deployment_controller": [
              {
                "type": "ECS"
              }
            ],
            "deployment_maximum_percent": 200,
            "deployment_minimum_healthy_percent": 100,
            "desired_count": 2,
            "enable_ecs_managed_tags": false,
            "enable_execute_command": false,
            "force_new_deployment": null,
            "health_check_grace_period_seconds": 0,
            "iam_role": "/aws-service-role/ecs.amazonaws.com/AWSServiceRoleForECS",
            "id": "arn:aws:ecs:ap-south-1:559050238050:service/f1-stats-app-cluster/f1-stats-app-service",
            "launch_type": "FARGATE",
            "load_balancer": [
              {
                "container_name": "f1-stats-app",
                "container_port": 8000,
                "elb_name": "",
                "target_group_arn": "arn:aws:elasticloadbalancing:ap-south-1:559050238050:targetgroup/f1-stats-app-tg/a4f84f384c27e953"
              }
            ],
            "name": "f1-stats-app-service",
            "network_configuration": [
              {
                "assign_public_ip": false,
                "security_groups": [
                  "sg-06a3c890f9c56c4fa"
                ],
                "subnets": [
                  "subnet-00e8966508d70b540",
                  "subnet-04c4e647bf873b65e"
                ]
              }
            ],
            "ordered_placement_strategy": [],
            "placement_constraints": [],
            "platform_version": "LATEST",
            "propagate_tags": "NONE",
            "scheduling_strategy": "REPLICA",
            "service_connect_configuration": [],
            "service_registries": [],
            "tags": null,
            "tags_all": {},
            "task_definition": "arn:aws:ecs:ap-south-1:559050238050:task-definition/f1-stats-app-task:1",
            "timeouts": null,
            "triggers": {},
            "wait_for_steady_state": false
          },
          "sensitive_attributes": [],
          "private": "eyJlMmJmYjczMC1lY2FhLTExZTYtOGY4OC0zNDM2M2JjN2M0YzAiOnsiY3JlYXRlIjoxMjAwMDAwMDAwMDAwLCJkZWxldGUiOjEyMDAwMDAwMDAwMDAsInVwZGF0ZSI6MTIwMDAwMDAwMDAwMH19",
          "dependencies": [
            "module.alb.aws_lb_target_group.main",
            "module.ecs.aws_ecs_cluster.main",
            "module.ecs.aws_ecs_task_definition.main",
            "module.iam.aws_iam_role.ecs_task_execution_role",
            "module.iam.aws_iam_role.ecs_task_role",
            "module.security.aws_security_group.alb",
            "module.security.aws_security_group.ecs",
            "module.vpc.aws_subnet.private",
            "module.vpc.aws_vpc.main"
          ]
        }
      ]
    },
    {
      "module": "module.ecs",
      "mode": "managed",
      "type": "aws_ecs_task_definition",
      "name": "main",
      "provider": "provider[\"registry.terraform.io/hashicorp/aws\"]",
      "instances": [
        {
          "schema_version": 1,
          "attributes": {
            "arn": "arn:aws:ecs:ap-south-1:559050238050:task-definition/f1-stats-app-task:1",
            "arn_without_revision": "arn:aws:ecs:ap-south-1:559050238050:task-definition/f1-stats-app-task",
            "container_definitions": "[{\"cpu\":0,\"environment\":[],\"essential\":true,\"image\":\"hrithikchauhan/f1-stats-app:latest\",\"logConfiguration\":{\"logDriver\":\"awslogs\",\"options\":{\"awslogs-group\":\"/ecs/f1-stats-app\",\"awslogs-region\":\"ap-south-1\",\"awslogs-stream-prefix\":\"ecs\"}},\"mountPoints\":[],\"name\":\"f1-stats-app\",\"portMappings\":[{\"containerPort\":8000,\"hostPort\":8000,\"protocol\":\"tcp\"}],\"systemControls\":[],\"volumesFrom\":[]}]",
            "cpu": "256",
            "ephemeral_storage": [],
            "execution_role_arn": "arn:aws:iam::559050238050:role/ecs-execution-role",
            "family": "f1-stats-app-task",
            "id": "f1-stats-app-task",
            "inference_accelerator": [],
            "ipc_mode": "",
            "memory": "512",
            "network_mode": "awsvpc",
            "pid_mode": "",
            "placement_constraints": [],
            "proxy_configuration": [],
            "requires_compatibilities": [
              "FARGATE"
            ],
            "revision": 1,
            "runtime_platform": [],
            "skip_destroy": false,
            "tags": null,
            "tags_all": {},
            "task_role_arn": "arn:aws:iam::559050238050:role/ecs-task-role",
            "volume": []
          },
          "sensitive_attributes": [],
          "private": "eyJzY2hlbWFfdmVyc2lvbiI6IjEifQ==",
          "dependencies": [
            "module.iam.aws_iam_role.ecs_task_execution_role",
            "module.iam.aws_iam_role.ecs_task_role"
          ]
        }
      ]
    },
    {
      "module": "module.iam",
      "mode": "managed",
      "type": "aws_iam_role",
      "name": "ecs_task_execution_role",
      "provider": "provider[\"registry.terraform.io/hashicorp/aws\"]",
      "instances": [
        {
          "schema_version": 0,
          "attributes": {
            "arn": "arn:aws:iam::559050238050:role/ecs-execution-role",
            "assume_role_policy": "{\"Statement\":[{\"Action\":\"sts:AssumeRole\",\"Effect\":\"Allow\",\"Principal\":{\"Service\":\"ecs-tasks.amazonaws.com\"}}],\"Version\":\"2012-10-17\"}",
            "create_date": "2025-04-16T17:53:15Z",
            "description": "",
            "force_detach_policies": false,
            "id": "ecs-execution-role",
            "inline_policy": [],
            "managed_policy_arns": [],
            "max_session_duration": 3600,
            "name": "ecs-execution-role",
            "name_prefix": "",
            "path": "/",
            "permissions_boundary": null,
            "role_last_used": [
              {
                "last_used_date": "",
                "region": ""
              }
            ],
            "tags": null,
            "tags_all": {},
            "unique_id": "AROAYEKP5VBRGQFPSSHUK"
          },
          "sensitive_attributes": [],
          "private": "bnVsbA=="
        }
      ]
    },
    {
      "module": "module.iam",
      "mode": "managed",
      "type": "aws_iam_role",
      "name": "ecs_task_role",
      "provider": "provider[\"registry.terraform.io/hashicorp/aws\"]",
      "instances": [
        {
          "schema_version": 0,
          "attributes": {
            "arn": "arn:aws:iam::559050238050:role/ecs-task-role",
            "assume_role_policy": "{\"Statement\":[{\"Action\":\"sts:AssumeRole\",\"Effect\":\"Allow\",\"Principal\":{\"Service\":\"ecs-tasks.amazonaws.com\"}}],\"Version\":\"2012-10-17\"}",
            "create_date": "2025-04-16T17:53:15Z",
            "description": "",
            "force_detach_policies": false,
            "id": "ecs-task-role",
            "inline_policy": [],
            "managed_policy_arns": [],
            "max_session_duration": 3600,
            "name": "ecs-task-role",
            "name_prefix": "",
            "path": "/",
            "permissions_boundary": null,
            "role_last_used": [
              {
                "last_used_date": "",
                "region": ""
              }
            ],
            "tags": null,
            "tags_all": {},
            "unique_id": "AROAYEKP5VBRCSRTC65H6"
          },
          "sensitive_attributes": [],
          "private": "bnVsbA=="
        }
      ]
    },
    {
      "module": "module.iam",
      "mode": "managed",
      "type": "aws_iam_role_policy",
      "name": "dynamodb_access",
      "provider": "provider[\"registry.terraform.io/hashicorp/aws\"]",
      "instances": [
        {
          "schema_version": 0,
          "attributes": {
            "id": "ecs-task-role:dynamodb-policy",
            "name": "dynamodb-policy",
            "name_prefix": null,
            "policy": "{\"Version\":\"2012-10-17\",\"Statement\":[{\"Action\":[\"dynamodb:GetItem\",\"dynamodb:PutItem\",\"dynamodb:UpdateItem\",\"dynamodb:DeleteItem\",\"dynamodb:Query\"],\"Effect\":\"Allow\",\"Resource\":[\"arn:aws:dynamodb:*:*:table/f1-stats-cache\"]}]}",
            "role": "ecs-task-role"
          },
          "sensitive_attributes": [],
          "private": "bnVsbA==",
          "dependencies": [
            "module.iam.aws_iam_role.ecs_task_role"
          ]
        }
      ]
    },
    {
      "module": "module.iam",
      "mode": "managed",
      "type": "aws_iam_role_policy_attachment",
      "name": "ecs_task_execution_role_policy",
      "provider": "provider[\"registry.terraform.io/hashicorp/aws\"]",
      "instances": [
        {
          "schema_version": 0,
          "attributes": {
            "id": "ecs-execution-role-20250416175316702600000001",
            "policy_arn": "arn:aws:iam::aws:policy/service-role/AmazonECSTaskExecutionRolePolicy",
            "role": "ecs-execution-role"
          },
          "sensitive_attributes": [],
          "private": "bnVsbA==",
          "dependencies": [
            "module.iam.aws_iam_role.ecs_task_execution_role"
          ]
        }
      ]
    },
    {
      "module": "module.nat",
      "mode": "managed",
      "type": "aws_eip",
      "name": "nat",
      "provider": "provider[\"registry.terraform.io/hashicorp/aws\"]",
      "instances": [
        {
          "index_key": 0,
          "schema_version": 0,
          "attributes": {
            "address": null,
            "allocation_id": "eipalloc-088b8e771cd529927",
            "associate_with_private_ip": null,
            "association_id": "",
            "carrier_ip": "",
            "customer_owned_ip": "",
            "customer_owned_ipv4_pool": "",
            "domain": "vpc",
            "id": "eipalloc-088b8e771cd529927",
            "instance": "",
            "network_border_group": "ap-south-1",
            "network_interface": "",
            "private_dns": null,
            "private_ip": "",
            "public_dns": "ec2-43-204-178-104.ap-south-1.compute.amazonaws.com",
            "public_ip": "43.204.178.104",
            "public_ipv4_pool": "amazon",
            "tags": {
              "Name": "f1-stats-app-nat-eip-1"
            },
            "tags_all": {
              "Name": "f1-stats-app-nat-eip-1"
            },
            "timeouts": null,
            "vpc": true
          },
          "sensitive_attributes": [],
          "private": "eyJlMmJmYjczMC1lY2FhLTExZTYtOGY4OC0zNDM2M2JjN2M0YzAiOnsiZGVsZXRlIjoxODAwMDAwMDAwMDAsInJlYWQiOjkwMDAwMDAwMDAwMCwidXBkYXRlIjozMDAwMDAwMDAwMDB9fQ==",
          "dependencies": [
            "module.vpc.aws_subnet.public",
            "module.vpc.aws_vpc.main"
          ]
        },
        {
          "index_key": 1,
          "schema_version": 0,
          "attributes": {
            "address": null,
            "allocation_id": "eipalloc-0b5bf4067403336a2",
            "associate_with_private_ip": null,
            "association_id": "",
            "carrier_ip": "",
            "customer_owned_ip": "",
            "customer_owned_ipv4_pool": "",
            "domain": "vpc",
            "id": "eipalloc-0b5bf4067403336a2",
            "instance": "",
            "network_border_group": "ap-south-1",
            "network_interface": "",
            "private_dns": null,
            "private_ip": "",
            "public_dns": "ec2-43-204-104-18.ap-south-1.compute.amazonaws.com",
            "public_ip": "43.204.104.18",
            "public_ipv4_pool": "amazon",
            "tags": {
              "Name": "f1-stats-app-nat-eip-2"
            },
            "tags_all": {
              "Name": "f1-stats-app-nat-eip-2"
            },
            "timeouts": null,
            "vpc": true
          },
          "sensitive_attributes": [],
          "private": "eyJlMmJmYjczMC1lY2FhLTExZTYtOGY4OC0zNDM2M2JjN2M0YzAiOnsiZGVsZXRlIjoxODAwMDAwMDAwMDAsInJlYWQiOjkwMDAwMDAwMDAwMCwidXBkYXRlIjozMDAwMDAwMDAwMDB9fQ==",
          "dependencies": [
            "module.vpc.aws_subnet.public",
            "module.vpc.aws_vpc.main"
          ]
        }
      ]
    },
    {
      "module": "module.nat",
      "mode": "managed",
      "type": "aws_nat_gateway",
      "name": "main",
      "provider": "provider[\"registry.terraform.io/hashicorp/aws\"]",
      "instances": [
        {
          "index_key": 0,
          "schema_version": 0,
          "attributes": {
            "allocation_id": "eipalloc-088b8e771cd529927",
            "association_id": "eipassoc-04d6684a8b788c63d",
            "connectivity_type": "public",
            "id": "nat-09d189ae6f0fd3bce",
            "network_interface_id": "eni-0263d98cae28c6ccc",
            "private_ip": "10.0.1.213",
            "public_ip": "43.204.178.104",
            "subnet_id": "subnet-0d634a3d0986e8448",
            "tags": {
              "Name": "f1-stats-app-nat-1"
            },
            "tags_all": {
              "Name": "f1-stats-app-nat-1"
            }
          },
          "sensitive_attributes": [],
          "private": "bnVsbA==",
          "dependencies": [
            "module.nat.aws_eip.nat",
            "module.vpc.aws_subnet.public",
            "module.vpc.aws_vpc.main"
          ]
        },
        {
          "index_key": 1,
          "schema_version": 0,
          "attributes": {
            "allocation_id": "eipalloc-0b5bf4067403336a2",
            "association_id": "eipassoc-0575096f219631f68",
            "connectivity_type": "public",
            "id": "nat-04018c103b949d6cd",
            "network_interface_id": "eni-0c63e51b0b5ce8109",
            "private_ip": "10.0.2.33",
            "public_ip": "43.204.104.18",
            "subnet_id": "subnet-0bc6c7b027b69f325",
            "tags": {
              "Name": "f1-stats-app-nat-2"
            },
            "tags_all": {
              "Name": "f1-stats-app-nat-2"
            }
          },
          "sensitive_attributes": [],
          "private": "bnVsbA==",
          "dependencies": [
            "module.nat.aws_eip.nat",
            "module.vpc.aws_subnet.public",
            "module.vpc.aws_vpc.main"
          ]
        }
      ]
    },
    {
      "module": "module.nat",
      "mode": "managed",
      "type": "aws_route_table",
      "name": "private",
      "provider": "provider[\"registry.terraform.io/hashicorp/aws\"]",
      "instances": [
        {
          "index_key": 0,
          "schema_version": 0,
          "attributes": {
            "arn": "arn:aws:ec2:ap-south-1:559050238050:route-table/rtb-0e7fb3b6f63063d22",
            "id": "rtb-0e7fb3b6f63063d22",
            "owner_id": "559050238050",
            "propagating_vgws": [],
            "route": [
              {
                "carrier_gateway_id": "",
                "cidr_block": "0.0.0.0/0",
                "core_network_arn": "",
                "destination_prefix_list_id": "",
                "egress_only_gateway_id": "",
                "gateway_id": "",
                "instance_id": "",
                "ipv6_cidr_block": "",
                "local_gateway_id": "",
                "nat_gateway_id": "nat-09d189ae6f0fd3bce",
                "network_interface_id": "",
                "transit_gateway_id": "",
                "vpc_endpoint_id": "",
                "vpc_peering_connection_id": ""
              }
            ],
            "tags": {
              "Name": "f1-stats-app-private-rt-1"
            },
            "tags_all": {
              "Name": "f1-stats-app-private-rt-1"
            },
            "timeouts": null,
            "vpc_id": "vpc-0de86af62322333de"
          },
          "sensitive_attributes": [],
          "private": "eyJlMmJmYjczMC1lY2FhLTExZTYtOGY4OC0zNDM2M2JjN2M0YzAiOnsiY3JlYXRlIjozMDAwMDAwMDAwMDAsImRlbGV0ZSI6MzAwMDAwMDAwMDAwLCJ1cGRhdGUiOjEyMDAwMDAwMDAwMH19",
          "dependencies": [
            "module.nat.aws_eip.nat",
            "module.nat.aws_nat_gateway.main",
            "module.vpc.aws_subnet.public",
            "module.vpc.aws_vpc.main"
          ]
        },
        {
          "index_key": 1,
          "schema_version": 0,
          "attributes": {
            "arn": "arn:aws:ec2:ap-south-1:559050238050:route-table/rtb-04a9f576868051ad2",
            "id": "rtb-04a9f576868051ad2",
            "owner_id": "559050238050",
            "propagating_vgws": [],
            "route": [
              {
                "carrier_gateway_id": "",
                "cidr_block": "0.0.0.0/0",
                "core_network_arn": "",
                "destination_prefix_list_id": "",
                "egress_only_gateway_id": "",
                "gateway_id": "",
                "instance_id": "",
                "ipv6_cidr_block": "",
                "local_gateway_id": "",
                "nat_gateway_id": "nat-04018c103b949d6cd",
                "network_interface_id": "",
                "transit_gateway_id": "",
                "vpc_endpoint_id": "",
                "vpc_peering_connection_id": ""
              }
            ],
            "tags": {
              "Name": "f1-stats-app-private-rt-2"
            },
            "tags_all": {
              "Name": "f1-stats-app-private-rt-2"
            },
            "timeouts": null,
            "vpc_id": "vpc-0de86af62322333de"
          },
          "sensitive_attributes": [],
          "private": "eyJlMmJmYjczMC1lY2FhLTExZTYtOGY4OC0zNDM2M2JjN2M0YzAiOnsiY3JlYXRlIjozMDAwMDAwMDAwMDAsImRlbGV0ZSI6MzAwMDAwMDAwMDAwLCJ1cGRhdGUiOjEyMDAwMDAwMDAwMH19",
          "dependencies": [
            "module.nat.aws_eip.nat",
            "module.nat.aws_nat_gateway.main",
            "module.vpc.aws_subnet.public",
            "module.vpc.aws_vpc.main"
          ]
        }
      ]
    },
    {
      "module": "module.security",
      "mode": "managed",
      "type": "aws_security_group",
      "name": "alb",
      "provider": "provider[\"registry.terraform.io/hashicorp/aws\"]",
      "instances": [
        {
          "schema_version": 1,
          "attributes": {
            "arn": "arn:aws:ec2:ap-south-1:559050238050:security-group/sg-0007c372579698cbb",
            "description": "Security group for ALB",
            "egress": [
              {
                "cidr_blocks": [
                  "0.0.0.0/0"
                ],
                "description": "",
                "from_port": 0,
                "ipv6_cidr_blocks": [],
                "prefix_list_ids": [],
                "protocol": "-1",
                "security_groups": [],
                "self": false,
                "to_port": 0
              }
            ],
            "id": "sg-0007c372579698cbb",
            "ingress": [
              {
                "cidr_blocks": [
                  "0.0.0.0/0"
                ],
                "description": "",
                "from_port": 80,
                "ipv6_cidr_blocks": [],
                "prefix_list_ids": [],
                "protocol": "tcp",
                "security_groups": [],
                "self": false,
                "to_port": 80
              }
            ],
            "name": "f1-stats-app-alb-sg",
            "name_prefix": "",
            "owner_id": "559050238050",
            "revoke_rules_on_delete": false,
            "tags": null,
            "tags_all": {},
            "timeouts": null,
            "vpc_id": "vpc-0de86af62322333de"
          },
          "sensitive_attributes": [],
          "private": "eyJlMmJmYjczMC1lY2FhLTExZTYtOGY4OC0zNDM2M2JjN2M0YzAiOnsiY3JlYXRlIjo2MDAwMDAwMDAwMDAsImRlbGV0ZSI6OTAwMDAwMDAwMDAwfSwic2NoZW1hX3ZlcnNpb24iOiIxIn0=",
          "dependencies": [
            "module.vpc.aws_vpc.main"
          ]
        }
      ]
    },
    {
      "module": "module.security",
      "mode": "managed",
      "type": "aws_security_group",
      "name": "ecs",
      "provider": "provider[\"registry.terraform.io/hashicorp/aws\"]",
      "instances": [
        {
          "schema_version": 1,
          "attributes": {
            "arn": "arn:aws:ec2:ap-south-1:559050238050:security-group/sg-06a3c890f9c56c4fa",
            "description": "Security group for ECS tasks",
            "egress": [
              {
                "cidr_blocks": [
                  "0.0.0.0/0"
                ],
                "description": "",
                "from_port": 0,
                "ipv6_cidr_blocks": [],
                "prefix_list_ids": [],
                "protocol": "-1",
                "security_groups": [],
                "self": false,
                "to_port": 0
              }
            ],
            "id": "sg-06a3c890f9c56c4fa",
            "ingress": [
              {
                "cidr_blocks": [],
                "description": "",
                "from_port": 8000,
                "ipv6_cidr_blocks": [],
                "prefix_list_ids": [],
                "protocol": "tcp",
                "security_groups": [
                  "sg-0007c372579698cbb"
                ],
                "self": false,
                "to_port": 8000
              }
            ],
            "name": "f1-stats-app-ecs-sg",
            "name_prefix": "",
            "owner_id": "559050238050",
            "revoke_rules_on_delete": false,
            "tags": null,
            "tags_all": {},
            "timeouts": null,
            "vpc_id": "vpc-0de86af62322333de"
          },
          "sensitive_attributes": [],
          "private": "eyJlMmJmYjczMC1lY2FhLTExZTYtOGY4OC0zNDM2M2JjN2M0YzAiOnsiY3JlYXRlIjo2MDAwMDAwMDAwMDAsImRlbGV0ZSI6OTAwMDAwMDAwMDAwfSwic2NoZW1hX3ZlcnNpb24iOiIxIn0=",
          "dependencies": [
            "module.security.aws_security_group.alb",
            "module.vpc.aws_vpc.main"
          ]
        }
      ]
    },
    {
      "module": "module.vpc",
      "mode": "managed",
      "type": "aws_internet_gateway",
      "name": "main",
      "provider": "provider[\"registry.terraform.io/hashicorp/aws\"]",
      "instances": [
        {
          "schema_version": 0,
          "attributes": {
            "arn": "arn:aws:ec2:ap-south-1:559050238050:internet-gateway/igw-06e29e28a0be66967",
            "id": "igw-06e29e28a0be66967",
            "owner_id": "559050238050",
            "tags": {
              "Name": "f1-stats-app-igw"
            },
            "tags_all": {
              "Name": "f1-stats-app-igw"
            },
            "timeouts": null,
            "vpc_id": "vpc-0de86af62322333de"
          },
          "sensitive_attributes": [],
          "private": "eyJlMmJmYjczMC1lY2FhLTExZTYtOGY4OC0zNDM2M2JjN2M0YzAiOnsiY3JlYXRlIjoxMjAwMDAwMDAwMDAwLCJkZWxldGUiOjEyMDAwMDAwMDAwMDAsInVwZGF0ZSI6MTIwMDAwMDAwMDAwMH19",
          "dependencies": [
            "module.vpc.aws_vpc.main"
          ]
        }
      ]
    },
    {
      "module": "module.vpc",
      "mode": "managed",
      "type": "aws_subnet",
      "name": "private",
      "provider": "provider[\"registry.terraform.io/hashicorp/aws\"]",
      "instances": [
        {
          "index_key": 0,
          "schema_version": 1,
          "attributes": {
            "arn": "arn:aws:ec2:ap-south-1:559050238050:subnet/subnet-04c4e647bf873b65e",
            "assign_ipv6_address_on_creation": false,
            "availability_zone": "ap-south-1a",
            "availability_zone_id": "aps1-az1",
            "cidr_block": "10.0.3.0/24",
            "customer_owned_ipv4_pool": "",
            "enable_dns64": false,
            "enable_lni_at_device_index": 0,
            "enable_resource_name_dns_a_record_on_launch": false,
            "enable_resource_name_dns_aaaa_record_on_launch": false,
            "id": "subnet-04c4e647bf873b65e",
            "ipv6_cidr_block": "",
            "ipv6_cidr_block_association_id": "",
            "ipv6_native": false,
            "map_customer_owned_ip_on_launch": false,
            "map_public_ip_on_launch": false,
            "outpost_arn": "",
            "owner_id": "559050238050",
            "private_dns_hostname_type_on_launch": "ip-name",
            "tags": {
              "Name": "f1-stats-app-private-subnet-1"
            },
            "tags_all": {
              "Name": "f1-stats-app-private-subnet-1"
            },
            "timeouts": null,
            "vpc_id": "vpc-0de86af62322333de"
          },
          "sensitive_attributes": [],
          "private": "eyJlMmJmYjczMC1lY2FhLTExZTYtOGY4OC0zNDM2M2JjN2M0YzAiOnsiY3JlYXRlIjo2MDAwMDAwMDAwMDAsImRlbGV0ZSI6MTIwMDAwMDAwMDAwMH0sInNjaGVtYV92ZXJzaW9uIjoiMSJ9",
          "dependencies": [
            "module.vpc.aws_vpc.main"
          ]
        },
        {
          "index_key": 1,
          "schema_version": 1,
          "attributes": {
            "arn": "arn:aws:ec2:ap-south-1:559050238050:subnet/subnet-00e8966508d70b540",
            "assign_ipv6_address_on_creation": false,
            "availability_zone": "ap-south-1b",
            "availability_zone_id": "aps1-az3",
            "cidr_block": "10.0.4.0/24",
            "customer_owned_ipv4_pool": "",
            "enable_dns64": false,
            "enable_lni_at_device_index": 0,
            "enable_resource_name_dns_a_record_on_launch": false,
            "enable_resource_name_dns_aaaa_record_on_launch": false,
            "id": "subnet-00e8966508d70b540",
            "ipv6_cidr_block": "",
            "ipv6_cidr_block_association_id": "",
            "ipv6_native": false,
            "map_customer_owned_ip_on_launch": false,
            "map_public_ip_on_launch": false,
            "outpost_arn": "",
            "owner_id": "559050238050",
            "private_dns_hostname_type_on_launch": "ip-name",
            "tags": {
              "Name": "f1-stats-app-private-subnet-2"
            },
            "tags_all": {
              "Name": "f1-stats-app-private-subnet-2"
            },
            "timeouts": null,
            "vpc_id": "vpc-0de86af62322333de"
          },
          "sensitive_attributes": [],
          "private": "eyJlMmJmYjczMC1lY2FhLTExZTYtOGY4OC0zNDM2M2JjN2M0YzAiOnsiY3JlYXRlIjo2MDAwMDAwMDAwMDAsImRlbGV0ZSI6MTIwMDAwMDAwMDAwMH0sInNjaGVtYV92ZXJzaW9uIjoiMSJ9",
          "dependencies": [
            "module.vpc.aws_vpc.main"
          ]
        }
      ]
    },
    {
      "module": "module.vpc",
      "mode": "managed",
      "type": "aws_subnet",
      "name": "public",
      "provider": "provider[\"registry.terraform.io/hashicorp/aws\"]",
      "instances": [
        {
          "index_key": 0,
          "schema_version": 1,
          "attributes": {
            "arn": "arn:aws:ec2:ap-south-1:559050238050:subnet/subnet-0d634a3d0986e8448",
            "assign_ipv6_address_on_creation": false,
            "availability_zone": "ap-south-1a",
            "availability_zone_id": "aps1-az1",
            "cidr_block": "10.0.1.0/24",
            "customer_owned_ipv4_pool": "",
            "enable_dns64": false,
            "enable_lni_at_device_index": 0,
            "enable_resource_name_dns_a_record_on_launch": false,
            "enable_resource_name_dns_aaaa_record_on_launch": false,
            "id": "subnet-0d634a3d0986e8448",
            "ipv6_cidr_block": "",
            "ipv6_cidr_block_association_id": "",
            "ipv6_native": false,
            "map_customer_owned_ip_on_launch": false,
            "map_public_ip_on_launch": false,
            "outpost_arn": "",
            "owner_id": "559050238050",
            "private_dns_hostname_type_on_launch": "ip-name",
            "tags": {
              "Name": "f1-stats-app-public-subnet-1"
            },
            "tags_all": {
              "Name": "f1-stats-app-public-subnet-1"
            },
            "timeouts": null,
            "vpc_id": "vpc-0de86af62322333de"
          },
          "sensitive_attributes": [],
          "private": "eyJlMmJmYjczMC1lY2FhLTExZTYtOGY4OC0zNDM2M2JjN2M0YzAiOnsiY3JlYXRlIjo2MDAwMDAwMDAwMDAsImRlbGV0ZSI6MTIwMDAwMDAwMDAwMH0sInNjaGVtYV92ZXJzaW9uIjoiMSJ9",
          "dependencies": [
            "module.vpc.aws_vpc.main"
          ]
        },
        {
          "index_key": 1,
          "schema_version": 1,
          "attributes": {
            "arn": "arn:aws:ec2:ap-south-1:559050238050:subnet/subnet-0bc6c7b027b69f325",
            "assign_ipv6_address_on_creation": false,
            "availability_zone": "ap-south-1b",
            "availability_zone_id": "aps1-az3",
            "cidr_block": "10.0.2.0/24",
            "customer_owned_ipv4_pool": "",
            "enable_dns64": false,
            "enable_lni_at_device_index": 0,
            "enable_resource_name_dns_a_record_on_launch": false,
            "enable_resource_name_dns_aaaa_record_on_launch": false,
            "id": "subnet-0bc6c7b027b69f325",
            "ipv6_cidr_block": "",
            "ipv6_cidr_block_association_id": "",
            "ipv6_native": false,
            "map_customer_owned_ip_on_launch": false,
            "map_public_ip_on_launch": false,
            "outpost_arn": "",
            "owner_id": "559050238050",
            "private_dns_hostname_type_on_launch": "ip-name",
            "tags": {
              "Name": "f1-stats-app-public-subnet-2"
            },
            "tags_all": {
              "Name": "f1-stats-app-public-subnet-2"
            },
            "timeouts": null,
            "vpc_id": "vpc-0de86af62322333de"
          },
          "sensitive_attributes": [],
          "private": "eyJlMmJmYjczMC1lY2FhLTExZTYtOGY4OC0zNDM2M2JjN2M0YzAiOnsiY3JlYXRlIjo2MDAwMDAwMDAwMDAsImRlbGV0ZSI6MTIwMDAwMDAwMDAwMH0sInNjaGVtYV92ZXJzaW9uIjoiMSJ9",
          "dependencies": [
            "module.vpc.aws_vpc.main"
          ]
        }
      ]
    },
    {
      "module": "module.vpc",
      "mode": "managed",
      "type": "aws_vpc",
      "name": "main",
      "provider": "provider[\"registry.terraform.io/hashicorp/aws\"]",
      "instances": [
        {
          "schema_version": 1,
          "attributes": {
            "arn": "arn:aws:ec2:ap-south-1:559050238050:vpc/vpc-0de86af62322333de",
            "assign_generated_ipv6_cidr_block": false,
            "cidr_block": "10.0.0.0/16",
            "default_network_acl_id": "acl-0831d92a6f831ca23",
            "default_route_table_id": "rtb-0c8e34dcc99d86dab",
            "default_security_group_id": "sg-0e67444b939d6a938",
            "dhcp_options_id": "dopt-0448c0a397005826b",
            "enable_classiclink": false,
            "enable_classiclink_dns_support": false,
            "enable_dns_hostnames": true,
            "enable_dns_support": true,
            "enable_network_address_usage_metrics": false,
            "id": "vpc-0de86af62322333de",
            "instance_tenancy": "default",
            "ipv4_ipam_pool_id": null,
            "ipv4_netmask_length": null,
            "ipv6_association_id": "",
            "ipv6_cidr_block": "",
            "ipv6_cidr_block_network_border_group": "",
            "ipv6_ipam_pool_id": "",
            "ipv6_netmask_length": 0,
            "main_route_table_id": "rtb-0c8e34dcc99d86dab",
            "owner_id": "559050238050",
            "tags": {
              "Name": "f1-stats-app-vpc"
            },
            "tags_all": {
              "Name": "f1-stats-app-vpc"
            }
          },
          "sensitive_attributes": [],
          "private": "eyJzY2hlbWFfdmVyc2lvbiI6IjEifQ=="
        }
      ]
    }
  ],
  "check_results": null
}
